
Microsoft Visual Studio Solution File, Format Version 12.00
# Visual Studio Version 17
VisualStudioVersion = 17.3.32804.467
MinimumVisualStudioVersion = 10.0.40219.1
Project("{9A19103F-16F7-4668-BE54-9A1E7A4F7556}") = "KampIntro", "KampIntro\KampIntro.csproj", "{E4642B35-3EC9-42DE-A760-F24DDA9B9651}"
EndProject
Project("{9A19103F-16F7-4668-BE54-9A1E7A4F7556}") = "Donguler", "Donguler\Donguler.csproj", "{FEBD9247-4CD7-45F7-B723-C18A736FF15D}"
EndProject
Project("{9A19103F-16F7-4668-BE54-9A1E7A4F7556}") = "Classİntro", "Classİntro\Classİntro.csproj", "{4CBC31B4-0B2A-4647-A24D-02F6E315B37A}"
EndProject
Project("{9A19103F-16F7-4668-BE54-9A1E7A4F7556}") = "Metotlar", "Metotlar\Metotlar.csproj", "{CFC21B76-CC24-4FDD-9A55-E0EC1F5F57E5}"
EndProject
Project("{9A19103F-16F7-4668-BE54-9A1E7A4F7556}") = "Matematik", "Matematik\Matematik.csproj", "{F94936C0-1FAE-4AC0-B72F-AFE08B38AC92}"
EndProject
Project("{9A19103F-16F7-4668-BE54-9A1E7A4F7556}") = "DegerVeReferansTıpler", "DegerVeReferansTıpler\DegerVeReferansTıpler.csproj", "{ED63CFFC-B599-4E6F-A7C1-D11A8E21F21C}"
EndProject
Project("{9A19103F-16F7-4668-BE54-9A1E7A4F7556}") = "SpecialWork", "SpecialWork\SpecialWork.csproj", "{D1C0EDF4-A40C-46EC-8184-ABC82A87EE86}"
EndProject
Project("{9A19103F-16F7-4668-BE54-9A1E7A4F7556}") = "OOP1", "OOP1\OOP1.csproj", "{3C745CF3-EC6F-4F61-9C64-C8341B86CA4D}"
EndProject
Project("{9A19103F-16F7-4668-BE54-9A1E7A4F7556}") = "Koleksiyonlar", "Koleksiyonlar\Koleksiyonlar.csproj", "{6B20B249-DB98-4E13-9B05-064998783A16}"
EndProject
Project("{9A19103F-16F7-4668-BE54-9A1E7A4F7556}") = "GenericsIntro", "GenericsIntro\GenericsIntro.csproj", "{25C81016-8B66-47E3-A369-4F171BA33590}"
EndProject
Project("{9A19103F-16F7-4668-BE54-9A1E7A4F7556}") = "ReferenceTypes", "ReferenceTypes\ReferenceTypes.csproj", "{E75F673D-EBBB-442A-AB38-C491DB74CA0E}"
EndProject
Project("{9A19103F-16F7-4668-BE54-9A1E7A4F7556}") = "Constructors", "Constructors\Constructors.csproj", "{CD7858F6-F5E4-4F6D-B493-5B015E59490F}"
EndProject
Project("{9A19103F-16F7-4668-BE54-9A1E7A4F7556}") = "Generics", "Generics\Generics.csproj", "{059D50EB-1EDE-4FD1-8EA9-458576E5891F}"
EndProject
Project("{FAE04EC0-301F-11D3-BF4B-00C04F79EFBC}") = "MyDictionary", "MyDictionary\MyDictionary.csproj", "{788CA03F-E85E-4E9C-B970-46CE77C6DE55}"
EndProject
Global
	GlobalSection(SolutionConfigurationPlatforms) = preSolution
		Debug|Any CPU = Debug|Any CPU
		Release|Any CPU = Release|Any CPU
	EndGlobalSection
	GlobalSection(ProjectConfigurationPlatforms) = postSolution
		{E4642B35-3EC9-42DE-A760-F24DDA9B9651}.Debug|Any CPU.ActiveCfg = Debug|Any CPU
		{E4642B35-3EC9-42DE-A760-F24DDA9B9651}.Debug|Any CPU.Build.0 = Debug|Any CPU
		{E4642B35-3EC9-42DE-A760-F24DDA9B9651}.Release|Any CPU.ActiveCfg = Release|Any CPU
		{E4642B35-3EC9-42DE-A760-F24DDA9B9651}.Release|Any CPU.Build.0 = Release|Any CPU
		{FEBD9247-4CD7-45F7-B723-C18A736FF15D}.Debug|Any CPU.ActiveCfg = Debug|Any CPU
		{FEBD9247-4CD7-45F7-B723-C18A736FF15D}.Debug|Any CPU.Build.0 = Debug|Any CPU
		{FEBD9247-4CD7-45F7-B723-C18A736FF15D}.Release|Any CPU.ActiveCfg = Release|Any CPU
		{FEBD9247-4CD7-45F7-B723-C18A736FF15D}.Release|Any CPU.Build.0 = Release|Any CPU
		{4CBC31B4-0B2A-4647-A24D-02F6E315B37A}.Debug|Any CPU.ActiveCfg = Debug|Any CPU
		{4CBC31B4-0B2A-4647-A24D-02F6E315B37A}.Debug|Any CPU.Build.0 = Debug|Any CPU
		{4CBC31B4-0B2A-4647-A24D-02F6E315B37A}.Release|Any CPU.ActiveCfg = Release|Any CPU
		{4CBC31B4-0B2A-4647-A24D-02F6E315B37A}.Release|Any CPU.Build.0 = Release|Any CPU
		{CFC21B76-CC24-4FDD-9A55-E0EC1F5F57E5}.Debug|Any CPU.ActiveCfg = Debug|Any CPU
		{CFC21B76-CC24-4FDD-9A55-E0EC1F5F57E5}.Debug|Any CPU.Build.0 = Debug|Any CPU
		{CFC21B76-CC24-4FDD-9A55-E0EC1F5F57E5}.Release|Any CPU.ActiveCfg = Release|Any CPU
		{CFC21B76-CC24-4FDD-9A55-E0EC1F5F57E5}.Release|Any CPU.Build.0 = Release|Any CPU
		{F94936C0-1FAE-4AC0-B72F-AFE08B38AC92}.Debug|Any CPU.ActiveCfg = Debug|Any CPU
		{F94936C0-1FAE-4AC0-B72F-AFE08B38AC92}.Debug|Any CPU.Build.0 = Debug|Any CPU
		{F94936C0-1FAE-4AC0-B72F-AFE08B38AC92}.Release|Any CPU.ActiveCfg = Release|Any CPU
		{F94936C0-1FAE-4AC0-B72F-AFE08B38AC92}.Release|Any CPU.Build.0 = Release|Any CPU
		{ED63CFFC-B599-4E6F-A7C1-D11A8E21F21C}.Debug|Any CPU.ActiveCfg = Debug|Any CPU
		{ED63CFFC-B599-4E6F-A7C1-D11A8E21F21C}.Debug|Any CPU.Build.0 = Debug|Any CPU
		{ED63CFFC-B599-4E6F-A7C1-D11A8E21F21C}.Release|Any CPU.ActiveCfg = Release|Any CPU
		{ED63CFFC-B599-4E6F-A7C1-D11A8E21F21C}.Release|Any CPU.Build.0 = Release|Any CPU
		{D1C0EDF4-A40C-46EC-8184-ABC82A87EE86}.Debug|Any CPU.ActiveCfg = Debug|Any CPU
		{D1C0EDF4-A40C-46EC-8184-ABC82A87EE86}.Debug|Any CPU.Build.0 = Debug|Any CPU
		{D1C0EDF4-A40C-46EC-8184-ABC82A87EE86}.Release|Any CPU.ActiveCfg = Release|Any CPU
		{D1C0EDF4-A40C-46EC-8184-ABC82A87EE86}.Release|Any CPU.Build.0 = Release|Any CPU
		{3C745CF3-EC6F-4F61-9C64-C8341B86CA4D}.Debug|Any CPU.ActiveCfg = Debug|Any CPU
		{3C745CF3-EC6F-4F61-9C64-C8341B86CA4D}.Debug|Any CPU.Build.0 = Debug|Any CPU
		{3C745CF3-EC6F-4F61-9C64-C8341B86CA4D}.Release|Any CPU.ActiveCfg = Release|Any CPU
		{3C745CF3-EC6F-4F61-9C64-C8341B86CA4D}.Release|Any CPU.Build.0 = Release|Any CPU
		{6B20B249-DB98-4E13-9B05-064998783A16}.Debug|Any CPU.ActiveCfg = Debug|Any CPU
		{6B20B249-DB98-4E13-9B05-064998783A16}.Debug|Any CPU.Build.0 = Debug|Any CPU
		{6B20B249-DB98-4E13-9B05-064998783A16}.Release|Any CPU.ActiveCfg = Release|Any CPU
		{6B20B249-DB98-4E13-9B05-064998783A16}.Release|Any CPU.Build.0 = Release|Any CPU
		{25C81016-8B66-47E3-A369-4F171BA33590}.Debug|Any CPU.ActiveCfg = Debug|Any CPU
		{25C81016-8B66-47E3-A369-4F171BA33590}.Debug|Any CPU.Build.0 = Debug|Any CPU
		{25C81016-8B66-47E3-A369-4F171BA33590}.Release|Any CPU.ActiveCfg = Release|Any CPU
		{25C81016-8B66-47E3-A369-4F171BA33590}.Release|Any CPU.Build.0 = Release|Any CPU
		{E75F673D-EBBB-442A-AB38-C491DB74CA0E}.Debug|Any CPU.ActiveCfg = Debug|Any CPU
		{E75F673D-EBBB-442A-AB38-C491DB74CA0E}.Debug|Any CPU.Build.0 = Debug|Any CPU
		{E75F673D-EBBB-442A-AB38-C491DB74CA0E}.Release|Any CPU.ActiveCfg = Release|Any CPU
		{E75F673D-EBBB-442A-AB38-C491DB74CA0E}.Release|Any CPU.Build.0 = Release|Any CPU
		{CD7858F6-F5E4-4F6D-B493-5B015E59490F}.Debug|Any CPU.ActiveCfg = Debug|Any CPU
		{CD7858F6-F5E4-4F6D-B493-5B015E59490F}.Debug|Any CPU.Build.0 = Debug|Any CPU
		{CD7858F6-F5E4-4F6D-B493-5B015E59490F}.Release|Any CPU.ActiveCfg = Release|Any CPU
		{CD7858F6-F5E4-4F6D-B493-5B015E59490F}.Release|Any CPU.Build.0 = Release|Any CPU
		{059D50EB-1EDE-4FD1-8EA9-458576E5891F}.Debug|Any CPU.ActiveCfg = Debug|Any CPU
		{059D50EB-1EDE-4FD1-8EA9-458576E5891F}.Debug|Any CPU.Build.0 = Debug|Any CPU
		{059D50EB-1EDE-4FD1-8EA9-458576E5891F}.Release|Any CPU.ActiveCfg = Release|Any CPU
		{059D50EB-1EDE-4FD1-8EA9-458576E5891F}.Release|Any CPU.Build.0 = Release|Any CPU
		{788CA03F-E85E-4E9C-B970-46CE77C6DE55}.Debug|Any CPU.ActiveCfg = Debug|Any CPU
		{788CA03F-E85E-4E9C-B970-46CE77C6DE55}.Debug|Any CPU.Build.0 = Debug|Any CPU
		{788CA03F-E85E-4E9C-B970-46CE77C6DE55}.Release|Any CPU.ActiveCfg = Release|Any CPU
		{788CA03F-E85E-4E9C-B970-46CE77C6DE55}.Release|Any CPU.Build.0 = Release|Any CPU
	EndGlobalSection
	GlobalSection(SolutionProperties) = preSolution
		HideSolutionNode = FALSE
	EndGlobalSection
	GlobalSection(ExtensibilityGlobals) = postSolution
		SolutionGuid = {4CA1C551-27B5-416B-B09B-B551154E7E27}
	EndGlobalSection
EndGlobal
